
Microsoft Visual Studio Solution File, Format Version 12.00
# Visual Studio Version 17
VisualStudioVersion = 17.14.36414.22 d17.14
MinimumVisualStudioVersion = 10.0.40219.1
Project("{FAE04EC0-301F-11D3-BF4B-00C04F79EFBC}") = "Movies", "Movies\Movies.csproj", "{13B874BA-8C12-4384-BEE3-B269A44BEDE3}"
EndProject
Global
	GlobalSection(SolutionConfigurationPlatforms) = preSolution
		Debug|Any CPU = Debug|Any CPU
		Release|Any CPU = Release|Any CPU
	EndGlobalSection
	GlobalSection(ProjectConfigurationPlatforms) = postSolution
		{13B874BA-8C12-4384-BEE3-B269A44BEDE3}.Debug|Any CPU.ActiveCfg = Debug|Any CPU
		{13B874BA-8C12-4384-BEE3-B269A44BEDE3}.Debug|Any CPU.Build.0 = Debug|Any CPU
		{13B874BA-8C12-4384-BEE3-B269A44BEDE3}.Release|Any CPU.ActiveCfg = Release|Any CPU
		{13B874BA-8C12-4384-BEE3-B269A44BEDE3}.Release|Any CPU.Build.0 = Release|Any CPU
	EndGlobalSection
	GlobalSection(SolutionProperties) = preSolution
		HideSolutionNode = FALSE
	EndGlobalSection
	GlobalSection(ExtensibilityGlobals) = postSolution
		SolutionGuid = {7E9F5D51-8ED9-4BB3-B84B-C282F77DA17C}
	EndGlobalSection
EndGlobal
